
Microsoft Visual Studio Solution File, Format Version 12.00
# Visual Studio 2013
VisualStudioVersion = 12.0.31101.0
MinimumVisualStudioVersion = 10.0.40219.1
Project("{FAE04EC0-301F-11D3-BF4B-00C04F79EFBC}") = "01.AddElemenetsBeforeAndAfter", "01.AddElemenetsBeforeAndAfter\01.AddElemenetsBeforeAndAfter.csproj", "{AC519CC0-5B90-4FD9-8334-571BBF830665}"
EndProject
Project("{FAE04EC0-301F-11D3-BF4B-00C04F79EFBC}") = "02.ChangeBackgroudColor", "02.ChangeBackgroudColor\02.ChangeBackgroudColor.csproj", "{A8E40663-0B8A-4895-9D02-1942080A4747}"
EndProject
Project("{FAE04EC0-301F-11D3-BF4B-00C04F79EFBC}") = "03.TableGenerator", "03.TableGenerator\03.TableGenerator.csproj", "{081EEAD6-021D-47D9-84C1-0B9DF86D32A6}"
EndProject
Project("{FAE04EC0-301F-11D3-BF4B-00C04F79EFBC}") = "04.Slideshow", "04.Slideshow\04.Slideshow.csproj", "{1F8F2E4E-42B9-4B4D-9C45-F4D8358B15C5}"
EndProject
Global
	GlobalSection(SolutionConfigurationPlatforms) = preSolution
		Debug|Any CPU = Debug|Any CPU
		Release|Any CPU = Release|Any CPU
	EndGlobalSection
	GlobalSection(ProjectConfigurationPlatforms) = postSolution
		{AC519CC0-5B90-4FD9-8334-571BBF830665}.Debug|Any CPU.ActiveCfg = Debug|Any CPU
		{AC519CC0-5B90-4FD9-8334-571BBF830665}.Debug|Any CPU.Build.0 = Debug|Any CPU
		{AC519CC0-5B90-4FD9-8334-571BBF830665}.Release|Any CPU.ActiveCfg = Release|Any CPU
		{AC519CC0-5B90-4FD9-8334-571BBF830665}.Release|Any CPU.Build.0 = Release|Any CPU
		{A8E40663-0B8A-4895-9D02-1942080A4747}.Debug|Any CPU.ActiveCfg = Debug|Any CPU
		{A8E40663-0B8A-4895-9D02-1942080A4747}.Debug|Any CPU.Build.0 = Debug|Any CPU
		{A8E40663-0B8A-4895-9D02-1942080A4747}.Release|Any CPU.ActiveCfg = Release|Any CPU
		{A8E40663-0B8A-4895-9D02-1942080A4747}.Release|Any CPU.Build.0 = Release|Any CPU
		{081EEAD6-021D-47D9-84C1-0B9DF86D32A6}.Debug|Any CPU.ActiveCfg = Debug|Any CPU
		{081EEAD6-021D-47D9-84C1-0B9DF86D32A6}.Debug|Any CPU.Build.0 = Debug|Any CPU
		{081EEAD6-021D-47D9-84C1-0B9DF86D32A6}.Release|Any CPU.ActiveCfg = Release|Any CPU
		{081EEAD6-021D-47D9-84C1-0B9DF86D32A6}.Release|Any CPU.Build.0 = Release|Any CPU
		{1F8F2E4E-42B9-4B4D-9C45-F4D8358B15C5}.Debug|Any CPU.ActiveCfg = Debug|Any CPU
		{1F8F2E4E-42B9-4B4D-9C45-F4D8358B15C5}.Debug|Any CPU.Build.0 = Debug|Any CPU
		{1F8F2E4E-42B9-4B4D-9C45-F4D8358B15C5}.Release|Any CPU.ActiveCfg = Release|Any CPU
		{1F8F2E4E-42B9-4B4D-9C45-F4D8358B15C5}.Release|Any CPU.Build.0 = Release|Any CPU
	EndGlobalSection
	GlobalSection(SolutionProperties) = preSolution
		HideSolutionNode = FALSE
	EndGlobalSection
EndGlobal
