
Microsoft Visual Studio Solution File, Format Version 12.00
# Visual Studio 2013
VisualStudioVersion = 12.0.31101.0
MinimumVisualStudioVersion = 10.0.40219.1
Project("{FAE04EC0-301F-11D3-BF4B-00C04F79EFBC}") = "01.NG-SRC", "01.NG-SRC\01.NG-SRC.csproj", "{7CBA81B4-1987-4ECB-92D9-8FF10EAF822A}"
EndProject
Project("{FAE04EC0-301F-11D3-BF4B-00C04F79EFBC}") = "02.BindImageSource", "02.BindImageSource\02.BindImageSource.csproj", "{6D0E05EA-83C3-40F1-8B89-CFD1FB7E089A}"
EndProject
Project("{FAE04EC0-301F-11D3-BF4B-00C04F79EFBC}") = "03.Tiger", "03.Tiger\03.Tiger.csproj", "{433ED563-F22D-4938-8B84-E4BFAE04E519}"
EndProject
Global
	GlobalSection(SolutionConfigurationPlatforms) = preSolution
		Debug|Any CPU = Debug|Any CPU
		Release|Any CPU = Release|Any CPU
	EndGlobalSection
	GlobalSection(ProjectConfigurationPlatforms) = postSolution
		{7CBA81B4-1987-4ECB-92D9-8FF10EAF822A}.Debug|Any CPU.ActiveCfg = Debug|Any CPU
		{7CBA81B4-1987-4ECB-92D9-8FF10EAF822A}.Debug|Any CPU.Build.0 = Debug|Any CPU
		{7CBA81B4-1987-4ECB-92D9-8FF10EAF822A}.Release|Any CPU.ActiveCfg = Release|Any CPU
		{7CBA81B4-1987-4ECB-92D9-8FF10EAF822A}.Release|Any CPU.Build.0 = Release|Any CPU
		{6D0E05EA-83C3-40F1-8B89-CFD1FB7E089A}.Debug|Any CPU.ActiveCfg = Debug|Any CPU
		{6D0E05EA-83C3-40F1-8B89-CFD1FB7E089A}.Debug|Any CPU.Build.0 = Debug|Any CPU
		{6D0E05EA-83C3-40F1-8B89-CFD1FB7E089A}.Release|Any CPU.ActiveCfg = Release|Any CPU
		{6D0E05EA-83C3-40F1-8B89-CFD1FB7E089A}.Release|Any CPU.Build.0 = Release|Any CPU
		{433ED563-F22D-4938-8B84-E4BFAE04E519}.Debug|Any CPU.ActiveCfg = Debug|Any CPU
		{433ED563-F22D-4938-8B84-E4BFAE04E519}.Debug|Any CPU.Build.0 = Debug|Any CPU
		{433ED563-F22D-4938-8B84-E4BFAE04E519}.Release|Any CPU.ActiveCfg = Release|Any CPU
		{433ED563-F22D-4938-8B84-E4BFAE04E519}.Release|Any CPU.Build.0 = Release|Any CPU
	EndGlobalSection
	GlobalSection(SolutionProperties) = preSolution
		HideSolutionNode = FALSE
	EndGlobalSection
EndGlobal
